// !$*UTF8*$!
{
	archiveVersion = 1;
	classes = {
	};
	objectVersion = 51;
	objects = {

/* Begin PBXBuildFile section */
		1F47482225935B21001A0822 /* ErrorCollectionCell.swift in Sources */ = {isa = PBXBuildFile; fileRef = 1F47482125935B21001A0822 /* ErrorCollectionCell.swift */; };
		1F926879258F6282009326F7 /* AppDelegate.swift in Sources */ = {isa = PBXBuildFile; fileRef = 1F926878258F6282009326F7 /* AppDelegate.swift */; };
		1F92687B258F6282009326F7 /* SceneDelegate.swift in Sources */ = {isa = PBXBuildFile; fileRef = 1F92687A258F6282009326F7 /* SceneDelegate.swift */; };
		1F92687D258F6282009326F7 /* ViewController.swift in Sources */ = {isa = PBXBuildFile; fileRef = 1F92687C258F6282009326F7 /* ViewController.swift */; };
		1F926882258F6286009326F7 /* Assets.xcassets in Resources */ = {isa = PBXBuildFile; fileRef = 1F926881258F6286009326F7 /* Assets.xcassets */; };
		1F926885258F6286009326F7 /* LaunchScreen.storyboard in Resources */ = {isa = PBXBuildFile; fileRef = 1F926883258F6286009326F7 /* LaunchScreen.storyboard */; };
		1F9268A9258F6DEA009326F7 /* FeedController.swift in Sources */ = {isa = PBXBuildFile; fileRef = 1F9268A8258F6DEA009326F7 /* FeedController.swift */; };
		1F9268AB258F6F59009326F7 /* SavedPostsController.swift in Sources */ = {isa = PBXBuildFile; fileRef = 1F9268AA258F6F59009326F7 /* SavedPostsController.swift */; };
		1F9268AD258F7274009326F7 /* PostsService.swift in Sources */ = {isa = PBXBuildFile; fileRef = 1F9268AC258F7274009326F7 /* PostsService.swift */; };
		1F9268AF258F7431009326F7 /* Post.swift in Sources */ = {isa = PBXBuildFile; fileRef = 1F9268AE258F7431009326F7 /* Post.swift */; };
		1F9268B1258F8BFF009326F7 /* PostCollectionViewCell.swift in Sources */ = {isa = PBXBuildFile; fileRef = 1F9268B0258F8BFF009326F7 /* PostCollectionViewCell.swift */; };
		1FA2BA9A25922A7E007615CB /* LoadingCollectionCell.swift in Sources */ = {isa = PBXBuildFile; fileRef = 1FA2BA9925922A7E007615CB /* LoadingCollectionCell.swift */; };
		1FA4B11E2594A16100B7A38B /* PostViewController.swift in Sources */ = {isa = PBXBuildFile; fileRef = 1FA4B11D2594A16100B7A38B /* PostViewController.swift */; };
		1FA4B1202594C41100B7A38B /* EmptyCollectionCell.swift in Sources */ = {isa = PBXBuildFile; fileRef = 1FA4B11F2594C41100B7A38B /* EmptyCollectionCell.swift */; };
		31BCB622FCB8F3E9C0A0D485 /* Pods_Pikabu.framework in Frameworks */ = {isa = PBXBuildFile; fileRef = A7E773B1037C238CBE3C1ED2 /* Pods_Pikabu.framework */; };
/* End PBXBuildFile section */

/* Begin PBXFileReference section */
		1F47482125935B21001A0822 /* ErrorCollectionCell.swift */ = {isa = PBXFileReference; lastKnownFileType = sourcecode.swift; path = ErrorCollectionCell.swift; sourceTree = "<group>"; };
		1F926875258F6282009326F7 /* Pikabu.app */ = {isa = PBXFileReference; explicitFileType = wrapper.application; includeInIndex = 0; path = Pikabu.app; sourceTree = BUILT_PRODUCTS_DIR; };
		1F926878258F6282009326F7 /* AppDelegate.swift */ = {isa = PBXFileReference; lastKnownFileType = sourcecode.swift; path = AppDelegate.swift; sourceTree = "<group>"; };
		1F92687A258F6282009326F7 /* SceneDelegate.swift */ = {isa = PBXFileReference; lastKnownFileType = sourcecode.swift; path = SceneDelegate.swift; sourceTree = "<group>"; };
		1F92687C258F6282009326F7 /* ViewController.swift */ = {isa = PBXFileReference; lastKnownFileType = sourcecode.swift; path = ViewController.swift; sourceTree = "<group>"; };
		1F926881258F6286009326F7 /* Assets.xcassets */ = {isa = PBXFileReference; lastKnownFileType = folder.assetcatalog; path = Assets.xcassets; sourceTree = "<group>"; };
		1F926884258F6286009326F7 /* Base */ = {isa = PBXFileReference; lastKnownFileType = file.storyboard; name = Base; path = Base.lproj/LaunchScreen.storyboard; sourceTree = "<group>"; };
		1F926886258F6286009326F7 /* Info.plist */ = {isa = PBXFileReference; lastKnownFileType = text.plist.xml; path = Info.plist; sourceTree = "<group>"; };
		1F9268A8258F6DEA009326F7 /* FeedController.swift */ = {isa = PBXFileReference; lastKnownFileType = sourcecode.swift; path = FeedController.swift; sourceTree = "<group>"; };
		1F9268AA258F6F59009326F7 /* SavedPostsController.swift */ = {isa = PBXFileReference; lastKnownFileType = sourcecode.swift; path = SavedPostsController.swift; sourceTree = "<group>"; };
		1F9268AC258F7274009326F7 /* PostsService.swift */ = {isa = PBXFileReference; lastKnownFileType = sourcecode.swift; path = PostsService.swift; sourceTree = "<group>"; };
		1F9268AE258F7431009326F7 /* Post.swift */ = {isa = PBXFileReference; lastKnownFileType = sourcecode.swift; path = Post.swift; sourceTree = "<group>"; };
		1F9268B0258F8BFF009326F7 /* PostCollectionViewCell.swift */ = {isa = PBXFileReference; lastKnownFileType = sourcecode.swift; path = PostCollectionViewCell.swift; sourceTree = "<group>"; };
		1FA2BA9925922A7E007615CB /* LoadingCollectionCell.swift */ = {isa = PBXFileReference; lastKnownFileType = sourcecode.swift; path = LoadingCollectionCell.swift; sourceTree = "<group>"; };
		1FA4B11D2594A16100B7A38B /* PostViewController.swift */ = {isa = PBXFileReference; lastKnownFileType = sourcecode.swift; path = PostViewController.swift; sourceTree = "<group>"; };
		1FA4B11F2594C41100B7A38B /* EmptyCollectionCell.swift */ = {isa = PBXFileReference; lastKnownFileType = sourcecode.swift; path = EmptyCollectionCell.swift; sourceTree = "<group>"; };
		5B65BA75F840DE5EFE9AD9E6 /* Pods-Pikabu.release.xcconfig */ = {isa = PBXFileReference; includeInIndex = 1; lastKnownFileType = text.xcconfig; name = "Pods-Pikabu.release.xcconfig"; path = "Target Support Files/Pods-Pikabu/Pods-Pikabu.release.xcconfig"; sourceTree = "<group>"; };
		A7E773B1037C238CBE3C1ED2 /* Pods_Pikabu.framework */ = {isa = PBXFileReference; explicitFileType = wrapper.framework; includeInIndex = 0; path = Pods_Pikabu.framework; sourceTree = BUILT_PRODUCTS_DIR; };
		D06F7336FA7C9D389E4E7CE7 /* Pods-Pikabu.debug.xcconfig */ = {isa = PBXFileReference; includeInIndex = 1; lastKnownFileType = text.xcconfig; name = "Pods-Pikabu.debug.xcconfig"; path = "Target Support Files/Pods-Pikabu/Pods-Pikabu.debug.xcconfig"; sourceTree = "<group>"; };
/* End PBXFileReference section */

/* Begin PBXFrameworksBuildPhase section */
		1F926872258F6282009326F7 /* Frameworks */ = {
			isa = PBXFrameworksBuildPhase;
			buildActionMask = 2147483647;
			files = (
				31BCB622FCB8F3E9C0A0D485 /* Pods_Pikabu.framework in Frameworks */,
			);
			runOnlyForDeploymentPostprocessing = 0;
		};
/* End PBXFrameworksBuildPhase section */

/* Begin PBXGroup section */
		1F92686C258F6282009326F7 = {
			isa = PBXGroup;
			children = (
				1F926877258F6282009326F7 /* Pikabu */,
				1F926876258F6282009326F7 /* Products */,
				C42B9A55AB9D82390D8892A0 /* Pods */,
				C970A398C59809D97BFA36E7 /* Frameworks */,
			);
			sourceTree = "<group>";
		};
		1F926876258F6282009326F7 /* Products */ = {
			isa = PBXGroup;
			children = (
				1F926875258F6282009326F7 /* Pikabu.app */,
			);
			name = Products;
			sourceTree = "<group>";
		};
		1F926877258F6282009326F7 /* Pikabu */ = {
			isa = PBXGroup;
			children = (
				1F926878258F6282009326F7 /* AppDelegate.swift */,
				1F92687A258F6282009326F7 /* SceneDelegate.swift */,
				1F92687C258F6282009326F7 /* ViewController.swift */,
				1F9268AE258F7431009326F7 /* Post.swift */,
				1F9268A8258F6DEA009326F7 /* FeedController.swift */,
				1F9268B0258F8BFF009326F7 /* PostCollectionViewCell.swift */,
				1FA2BA9925922A7E007615CB /* LoadingCollectionCell.swift */,
				1F47482125935B21001A0822 /* ErrorCollectionCell.swift */,
				1FA4B11D2594A16100B7A38B /* PostViewController.swift */,
				1F9268AA258F6F59009326F7 /* SavedPostsController.swift */,
				1FA4B11F2594C41100B7A38B /* EmptyCollectionCell.swift */,
				1F9268AC258F7274009326F7 /* PostsService.swift */,
				1F926881258F6286009326F7 /* Assets.xcassets */,
				1F926883258F6286009326F7 /* LaunchScreen.storyboard */,
				1F926886258F6286009326F7 /* Info.plist */,
			);
			path = Pikabu;
			sourceTree = "<group>";
		};
		C42B9A55AB9D82390D8892A0 /* Pods */ = {
			isa = PBXGroup;
			children = (
				D06F7336FA7C9D389E4E7CE7 /* Pods-Pikabu.debug.xcconfig */,
				5B65BA75F840DE5EFE9AD9E6 /* Pods-Pikabu.release.xcconfig */,
			);
			path = Pods;
			sourceTree = "<group>";
		};
		C970A398C59809D97BFA36E7 /* Frameworks */ = {
			isa = PBXGroup;
			children = (
				A7E773B1037C238CBE3C1ED2 /* Pods_Pikabu.framework */,
			);
			name = Frameworks;
			sourceTree = "<group>";
		};
/* End PBXGroup section */

/* Begin PBXNativeTarget section */
		1F926874258F6282009326F7 /* Pikabu */ = {
			isa = PBXNativeTarget;
			buildConfigurationList = 1F92689F258F6286009326F7 /* Build configuration list for PBXNativeTarget "Pikabu" */;
			buildPhases = (
				4DEA95164126718CEF53D1E1 /* [CP] Check Pods Manifest.lock */,
				1F926871258F6282009326F7 /* Sources */,
				1F926872258F6282009326F7 /* Frameworks */,
				1F926873258F6282009326F7 /* Resources */,
				29894C98AD577663EF77D7BF /* [CP] Embed Pods Frameworks */,
			);
			buildRules = (
			);
			dependencies = (
			);
			name = Pikabu;
			productName = Pikabu;
			productReference = 1F926875258F6282009326F7 /* Pikabu.app */;
			productType = "com.apple.product-type.application";
		};
/* End PBXNativeTarget section */

/* Begin PBXProject section */
		1F92686D258F6282009326F7 /* Project object */ = {
			isa = PBXProject;
			attributes = {
				LastSwiftUpdateCheck = 1160;
				LastUpgradeCheck = 1160;
				ORGANIZATIONNAME = "Танчик";
				TargetAttributes = {
					1F926874258F6282009326F7 = {
						CreatedOnToolsVersion = 11.6;
					};
				};
			};
			buildConfigurationList = 1F926870258F6282009326F7 /* Build configuration list for PBXProject "Pikabu" */;
			compatibilityVersion = "Xcode 9.3";
			developmentRegion = en;
			hasScannedForEncodings = 0;
			knownRegions = (
				en,
				Base,
			);
			mainGroup = 1F92686C258F6282009326F7;
			productRefGroup = 1F926876258F6282009326F7 /* Products */;
			projectDirPath = "";
			projectRoot = "";
			targets = (
				1F926874258F6282009326F7 /* Pikabu */,
			);
		};
/* End PBXProject section */

/* Begin PBXResourcesBuildPhase section */
		1F926873258F6282009326F7 /* Resources */ = {
			isa = PBXResourcesBuildPhase;
			buildActionMask = 2147483647;
			files = (
				1F926885258F6286009326F7 /* LaunchScreen.storyboard in Resources */,
				1F926882258F6286009326F7 /* Assets.xcassets in Resources */,
			);
			runOnlyForDeploymentPostprocessing = 0;
		};
/* End PBXResourcesBuildPhase section */

/* Begin PBXShellScriptBuildPhase section */
		29894C98AD577663EF77D7BF /* [CP] Embed Pods Frameworks */ = {
			isa = PBXShellScriptBuildPhase;
			buildActionMask = 2147483647;
			files = (
			);
			inputFileListPaths = (
				"${PODS_ROOT}/Target Support Files/Pods-Pikabu/Pods-Pikabu-frameworks-${CONFIGURATION}-input-files.xcfilelist",
			);
			name = "[CP] Embed Pods Frameworks";
			outputFileListPaths = (
				"${PODS_ROOT}/Target Support Files/Pods-Pikabu/Pods-Pikabu-frameworks-${CONFIGURATION}-output-files.xcfilelist",
			);
			runOnlyForDeploymentPostprocessing = 0;
			shellPath = /bin/sh;
			shellScript = "\"${PODS_ROOT}/Target Support Files/Pods-Pikabu/Pods-Pikabu-frameworks.sh\"\n";
			showEnvVarsInLog = 0;
		};
		4DEA95164126718CEF53D1E1 /* [CP] Check Pods Manifest.lock */ = {
			isa = PBXShellScriptBuildPhase;
			buildActionMask = 2147483647;
			files = (
			);
			inputFileListPaths = (
			);
			inputPaths = (
				"${PODS_PODFILE_DIR_PATH}/Podfile.lock",
				"${PODS_ROOT}/Manifest.lock",
			);
			name = "[CP] Check Pods Manifest.lock";
			outputFileListPaths = (
			);
			outputPaths = (
				"$(DERIVED_FILE_DIR)/Pods-Pikabu-checkManifestLockResult.txt",
			);
			runOnlyForDeploymentPostprocessing = 0;
			shellPath = /bin/sh;
			shellScript = "diff \"${PODS_PODFILE_DIR_PATH}/Podfile.lock\" \"${PODS_ROOT}/Manifest.lock\" > /dev/null\nif [ $? != 0 ] ; then\n    # print error to STDERR\n    echo \"error: The sandbox is not in sync with the Podfile.lock. Run 'pod install' or update your CocoaPods installation.\" >&2\n    exit 1\nfi\n# This output is used by Xcode 'outputs' to avoid re-running this script phase.\necho \"SUCCESS\" > \"${SCRIPT_OUTPUT_FILE_0}\"\n";
			showEnvVarsInLog = 0;
		};
/* End PBXShellScriptBuildPhase section */

/* Begin PBXSourcesBuildPhase section */
		1F926871258F6282009326F7 /* Sources */ = {
			isa = PBXSourcesBuildPhase;
			buildActionMask = 2147483647;
			files = (
				1F9268AB258F6F59009326F7 /* SavedPostsController.swift in Sources */,
				1F92687D258F6282009326F7 /* ViewController.swift in Sources */,
				1F47482225935B21001A0822 /* ErrorCollectionCell.swift in Sources */,
				1FA4B1202594C41100B7A38B /* EmptyCollectionCell.swift in Sources */,
				1F926879258F6282009326F7 /* AppDelegate.swift in Sources */,
				1F92687B258F6282009326F7 /* SceneDelegate.swift in Sources */,
				1F9268B1258F8BFF009326F7 /* PostCollectionViewCell.swift in Sources */,
				1F9268A9258F6DEA009326F7 /* FeedController.swift in Sources */,
				1F9268AF258F7431009326F7 /* Post.swift in Sources */,
				1F9268AD258F7274009326F7 /* PostsService.swift in Sources */,
				1FA2BA9A25922A7E007615CB /* LoadingCollectionCell.swift in Sources */,
				1FA4B11E2594A16100B7A38B /* PostViewController.swift in Sources */,
			);
			runOnlyForDeploymentPostprocessing = 0;
		};
/* End PBXSourcesBuildPhase section */

/* Begin PBXVariantGroup section */
		1F926883258F6286009326F7 /* LaunchScreen.storyboard */ = {
			isa = PBXVariantGroup;
			children = (
				1F926884258F6286009326F7 /* Base */,
			);
			name = LaunchScreen.storyboard;
			sourceTree = "<group>";
		};
/* End PBXVariantGroup section */

/* Begin XCBuildConfiguration section */
		1F92689D258F6286009326F7 /* Debug */ = {
			isa = XCBuildConfiguration;
			buildSettings = {
				ALWAYS_SEARCH_USER_PATHS = NO;
				CLANG_ANALYZER_NONNULL = YES;
				CLANG_ANALYZER_NUMBER_OBJECT_CONVERSION = YES_AGGRESSIVE;
				CLANG_CXX_LANGUAGE_STANDARD = "gnu++14";
				CLANG_CXX_LIBRARY = "libc++";
				CLANG_ENABLE_MODULES = YES;
				CLANG_ENABLE_OBJC_ARC = YES;
				CLANG_ENABLE_OBJC_WEAK = YES;
				CLANG_WARN_BLOCK_CAPTURE_AUTORELEASING = YES;
				CLANG_WARN_BOOL_CONVERSION = YES;
				CLANG_WARN_COMMA = YES;
				CLANG_WARN_CONSTANT_CONVERSION = YES;
				CLANG_WARN_DEPRECATED_OBJC_IMPLEMENTATIONS = YES;
				CLANG_WARN_DIRECT_OBJC_ISA_USAGE = YES_ERROR;
				CLANG_WARN_DOCUMENTATION_COMMENTS = YES;
				CLANG_WARN_EMPTY_BODY = YES;
				CLANG_WARN_ENUM_CONVERSION = YES;
				CLANG_WARN_INFINITE_RECURSION = YES;
				CLANG_WARN_INT_CONVERSION = YES;
				CLANG_WARN_NON_LITERAL_NULL_CONVERSION = YES;
				CLANG_WARN_OBJC_IMPLICIT_RETAIN_SELF = YES;
				CLANG_WARN_OBJC_LITERAL_CONVERSION = YES;
				CLANG_WARN_OBJC_ROOT_CLASS = YES_ERROR;
				CLANG_WARN_RANGE_LOOP_ANALYSIS = YES;
				CLANG_WARN_STRICT_PROTOTYPES = YES;
				CLANG_WARN_SUSPICIOUS_MOVE = YES;
				CLANG_WARN_UNGUARDED_AVAILABILITY = YES_AGGRESSIVE;
				CLANG_WARN_UNREACHABLE_CODE = YES;
				CLANG_WARN__DUPLICATE_METHOD_MATCH = YES;
				COPY_PHASE_STRIP = NO;
				DEBUG_INFORMATION_FORMAT = dwarf;
				ENABLE_STRICT_OBJC_MSGSEND = YES;
				ENABLE_TESTABILITY = YES;
				GCC_C_LANGUAGE_STANDARD = gnu11;
				GCC_DYNAMIC_NO_PIC = NO;
				GCC_NO_COMMON_BLOCKS = YES;
				GCC_OPTIMIZATION_LEVEL = 0;
				GCC_PREPROCESSOR_DEFINITIONS = (
					"DEBUG=1",
					"$(inherited)",
				);
				GCC_WARN_64_TO_32_BIT_CONVERSION = YES;
				GCC_WARN_ABOUT_RETURN_TYPE = YES_ERROR;
				GCC_WARN_UNDECLARED_SELECTOR = YES;
				GCC_WARN_UNINITIALIZED_AUTOS = YES_AGGRESSIVE;
				GCC_WARN_UNUSED_FUNCTION = YES;
				GCC_WARN_UNUSED_VARIABLE = YES;
				IPHONEOS_DEPLOYMENT_TARGET = 13.6;
				MTL_ENABLE_DEBUG_INFO = INCLUDE_SOURCE;
				MTL_FAST_MATH = YES;
				ONLY_ACTIVE_ARCH = YES;
				SDKROOT = iphoneos;
				SWIFT_ACTIVE_COMPILATION_CONDITIONS = DEBUG;
				SWIFT_OPTIMIZATION_LEVEL = "-Onone";
			};
			name = Debug;
		};
		1F92689E258F6286009326F7 /* Release */ = {
			isa = XCBuildConfiguration;
			buildSettings = {
				ALWAYS_SEARCH_USER_PATHS = NO;
				CLANG_ANALYZER_NONNULL = YES;
				CLANG_ANALYZER_NUMBER_OBJECT_CONVERSION = YES_AGGRESSIVE;
				CLANG_CXX_LANGUAGE_STANDARD = "gnu++14";
				CLANG_CXX_LIBRARY = "libc++";
				CLANG_ENABLE_MODULES = YES;
				CLANG_ENABLE_OBJC_ARC = YES;
				CLANG_ENABLE_OBJC_WEAK = YES;
				CLANG_WARN_BLOCK_CAPTURE_AUTORELEASING = YES;
				CLANG_WARN_BOOL_CONVERSION = YES;
				CLANG_WARN_COMMA = YES;
				CLANG_WARN_CONSTANT_CONVERSION = YES;
				CLANG_WARN_DEPRECATED_OBJC_IMPLEMENTATIONS = YES;
				CLANG_WARN_DIRECT_OBJC_ISA_USAGE = YES_ERROR;
				CLANG_WARN_DOCUMENTATION_COMMENTS = YES;
				CLANG_WARN_EMPTY_BODY = YES;
				CLANG_WARN_ENUM_CONVERSION = YES;
				CLANG_WARN_INFINITE_RECURSION = YES;
				CLANG_WARN_INT_CONVERSION = YES;
				CLANG_WARN_NON_LITERAL_NULL_CONVERSION = YES;
				CLANG_WARN_OBJC_IMPLICIT_RETAIN_SELF = YES;
				CLANG_WARN_OBJC_LITERAL_CONVERSION = YES;
				CLANG_WARN_OBJC_ROOT_CLASS = YES_ERROR;
				CLANG_WARN_RANGE_LOOP_ANALYSIS = YES;
				CLANG_WARN_STRICT_PROTOTYPES = YES;
				CLANG_WARN_SUSPICIOUS_MOVE = YES;
				CLANG_WARN_UNGUARDED_AVAILABILITY = YES_AGGRESSIVE;
				CLANG_WARN_UNREACHABLE_CODE = YES;
				CLANG_WARN__DUPLICATE_METHOD_MATCH = YES;
				COPY_PHASE_STRIP = NO;
				DEBUG_INFORMATION_FORMAT = "dwarf-with-dsym";
				ENABLE_NS_ASSERTIONS = NO;
				ENABLE_STRICT_OBJC_MSGSEND = YES;
				GCC_C_LANGUAGE_STANDARD = gnu11;
				GCC_NO_COMMON_BLOCKS = YES;
				GCC_WARN_64_TO_32_BIT_CONVERSION = YES;
				GCC_WARN_ABOUT_RETURN_TYPE = YES_ERROR;
				GCC_WARN_UNDECLARED_SELECTOR = YES;
				GCC_WARN_UNINITIALIZED_AUTOS = YES_AGGRESSIVE;
				GCC_WARN_UNUSED_FUNCTION = YES;
				GCC_WARN_UNUSED_VARIABLE = YES;
				IPHONEOS_DEPLOYMENT_TARGET = 13.6;
				MTL_ENABLE_DEBUG_INFO = NO;
				MTL_FAST_MATH = YES;
				SDKROOT = iphoneos;
				SWIFT_COMPILATION_MODE = wholemodule;
				SWIFT_OPTIMIZATION_LEVEL = "-O";
				VALIDATE_PRODUCT = YES;
			};
			name = Release;
		};
		1F9268A0258F6286009326F7 /* Debug */ = {
			isa = XCBuildConfiguration;
			baseConfigurationReference = D06F7336FA7C9D389E4E7CE7 /* Pods-Pikabu.debug.xcconfig */;
			buildSettings = {
				ASSETCATALOG_COMPILER_APPICON_NAME = AppIcon;
				CODE_SIGN_STYLE = Automatic;
				INFOPLIST_FILE = Pikabu/Info.plist;
				LD_RUNPATH_SEARCH_PATHS = (
					"$(inherited)",
					"@executable_path/Frameworks",
				);
				PRODUCT_BUNDLE_IDENTIFIER = com.tanchik.Pikabu;
				PRODUCT_NAME = "$(TARGET_NAME)";
				SWIFT_VERSION = 5.0;
				TARGETED_DEVICE_FAMILY = "1,2";
			};
			name = Debug;
		};
		1F9268A1258F6286009326F7 /* Release */ = {
			isa = XCBuildConfiguration;
			baseConfigurationReference = 5B65BA75F840DE5EFE9AD9E6 /* Pods-Pikabu.release.xcconfig */;
			buildSettings = {
				ASSETCATALOG_COMPILER_APPICON_NAME = AppIcon;
				CODE_SIGN_STYLE = Automatic;
				INFOPLIST_FILE = Pikabu/Info.plist;
				LD_RUNPATH_SEARCH_PATHS = (
					"$(inherited)",
					"@executable_path/Frameworks",
				);
				PRODUCT_BUNDLE_IDENTIFIER = com.tanchik.Pikabu;
				PRODUCT_NAME = "$(TARGET_NAME)";
				SWIFT_VERSION = 5.0;
				TARGETED_DEVICE_FAMILY = "1,2";
			};
			name = Release;
		};
/* End XCBuildConfiguration section */

/* Begin XCConfigurationList section */
		1F926870258F6282009326F7 /* Build configuration list for PBXProject "Pikabu" */ = {
			isa = XCConfigurationList;
			buildConfigurations = (
				1F92689D258F6286009326F7 /* Debug */,
				1F92689E258F6286009326F7 /* Release */,
			);
			defaultConfigurationIsVisible = 0;
			defaultConfigurationName = Release;
		};
		1F92689F258F6286009326F7 /* Build configuration list for PBXNativeTarget "Pikabu" */ = {
			isa = XCConfigurationList;
			buildConfigurations = (
				1F9268A0258F6286009326F7 /* Debug */,
				1F9268A1258F6286009326F7 /* Release */,
			);
			defaultConfigurationIsVisible = 0;
			defaultConfigurationName = Release;
		};
/* End XCConfigurationList section */
	};
	rootObject = 1F92686D258F6282009326F7 /* Project object */;
}
